// !$*UTF8*$!
{
	archiveVersion = 1;
	classes = {
	};
	objectVersion = 50;
	objects = {

/* Begin PBXBuildFile section */
		0E132BDE262EBF2B00576CA6 /* WeatherButton.swift in Sources */ = {isa = PBXBuildFile; fileRef = 0E132BDD262EBF2B00576CA6 /* WeatherButton.swift */; };
		0E3894B4263700DA00D48AF4 /* README.md in Resources */ = {isa = PBXBuildFile; fileRef = 0E3894B3263700DA00D48AF4 /* README.md */; };
		0EE2EE65262DBA3100EDBEE5 /* Weather_UIApp.swift in Sources */ = {isa = PBXBuildFile; fileRef = 0EE2EE64262DBA3100EDBEE5 /* Weather_UIApp.swift */; };
		0EE2EE67262DBA3100EDBEE5 /* ContentView.swift in Sources */ = {isa = PBXBuildFile; fileRef = 0EE2EE66262DBA3100EDBEE5 /* ContentView.swift */; };
		0EE2EE69262DBA3300EDBEE5 /* Assets.xcassets in Resources */ = {isa = PBXBuildFile; fileRef = 0EE2EE68262DBA3300EDBEE5 /* Assets.xcassets */; };
		0EE2EE6C262DBA3300EDBEE5 /* Preview Assets.xcassets in Resources */ = {isa = PBXBuildFile; fileRef = 0EE2EE6B262DBA3300EDBEE5 /* Preview Assets.xcassets */; };
/* End PBXBuildFile section */

/* Begin PBXFileReference section */
		0E132BDD262EBF2B00576CA6 /* WeatherButton.swift */ = {isa = PBXFileReference; lastKnownFileType = sourcecode.swift; path = WeatherButton.swift; sourceTree = "<group>"; };
		0E3894B3263700DA00D48AF4 /* README.md */ = {isa = PBXFileReference; lastKnownFileType = net.daringfireball.markdown; path = README.md; sourceTree = "<group>"; };
		0EE2EE61262DBA3100EDBEE5 /* Weather UI.app */ = {isa = PBXFileReference; explicitFileType = wrapper.application; includeInIndex = 0; path = "Weather UI.app"; sourceTree = BUILT_PRODUCTS_DIR; };
		0EE2EE64262DBA3100EDBEE5 /* Weather_UIApp.swift */ = {isa = PBXFileReference; lastKnownFileType = sourcecode.swift; path = Weather_UIApp.swift; sourceTree = "<group>"; };
		0EE2EE66262DBA3100EDBEE5 /* ContentView.swift */ = {isa = PBXFileReference; lastKnownFileType = sourcecode.swift; path = ContentView.swift; sourceTree = "<group>"; };
		0EE2EE68262DBA3300EDBEE5 /* Assets.xcassets */ = {isa = PBXFileReference; lastKnownFileType = folder.assetcatalog; path = Assets.xcassets; sourceTree = "<group>"; };
		0EE2EE6B262DBA3300EDBEE5 /* Preview Assets.xcassets */ = {isa = PBXFileReference; lastKnownFileType = folder.assetcatalog; path = "Preview Assets.xcassets"; sourceTree = "<group>"; };
		0EE2EE6D262DBA3400EDBEE5 /* Info.plist */ = {isa = PBXFileReference; lastKnownFileType = text.plist.xml; path = Info.plist; sourceTree = "<group>"; };
/* End PBXFileReference section */

/* Begin PBXFrameworksBuildPhase section */
		0EE2EE5E262DBA3100EDBEE5 /* Frameworks */ = {
			isa = PBXFrameworksBuildPhase;
			buildActionMask = 2147483647;
			files = (
			);
			runOnlyForDeploymentPostprocessing = 0;
		};
/* End PBXFrameworksBuildPhase section */

/* Begin PBXGroup section */
		0EE2EE58262DBA3100EDBEE5 = {
			isa = PBXGroup;
			children = (
				0E3894B3263700DA00D48AF4 /* README.md */,
				0EE2EE63262DBA3100EDBEE5 /* Weather UI */,
				0EE2EE62262DBA3100EDBEE5 /* Products */,
			);
			sourceTree = "<group>";
		};
		0EE2EE62262DBA3100EDBEE5 /* Products */ = {
			isa = PBXGroup;
			children = (
				0EE2EE61262DBA3100EDBEE5 /* Weather UI.app */,
			);
			name = Products;
			sourceTree = "<group>";
		};
		0EE2EE63262DBA3100EDBEE5 /* Weather UI */ = {
			isa = PBXGroup;
			children = (
				0EE2EE64262DBA3100EDBEE5 /* Weather_UIApp.swift */,
				0EE2EE66262DBA3100EDBEE5 /* ContentView.swift */,
				0EE2EE68262DBA3300EDBEE5 /* Assets.xcassets */,
				0EE2EE6D262DBA3400EDBEE5 /* Info.plist */,
				0EE2EE6A262DBA3300EDBEE5 /* Preview Content */,
				0E132BDD262EBF2B00576CA6 /* WeatherButton.swift */,
			);
			path = "Weather UI";
			sourceTree = "<group>";
		};
		0EE2EE6A262DBA3300EDBEE5 /* Preview Content */ = {
			isa = PBXGroup;
			children = (
				0EE2EE6B262DBA3300EDBEE5 /* Preview Assets.xcassets */,
			);
			path = "Preview Content";
			sourceTree = "<group>";
		};
/* End PBXGroup section */

/* Begin PBXNativeTarget section */
		0EE2EE60262DBA3100EDBEE5 /* Weather UI */ = {
			isa = PBXNativeTarget;
			buildConfigurationList = 0EE2EE70262DBA3400EDBEE5 /* Build configuration list for PBXNativeTarget "Weather UI" */;
			buildPhases = (
				0EE2EE5D262DBA3100EDBEE5 /* Sources */,
				0EE2EE5E262DBA3100EDBEE5 /* Frameworks */,
				0EE2EE5F262DBA3100EDBEE5 /* Resources */,
			);
			buildRules = (
			);
			dependencies = (
			);
			name = "Weather UI";
			productName = "Weather UI";
			productReference = 0EE2EE61262DBA3100EDBEE5 /* Weather UI.app */;
			productType = "com.apple.product-type.application";
		};
/* End PBXNativeTarget section */

/* Begin PBXProject section */
		0EE2EE59262DBA3100EDBEE5 /* Project object */ = {
			isa = PBXProject;
			attributes = {
				LastSwiftUpdateCheck = 1230;
				LastUpgradeCheck = 1230;
				TargetAttributes = {
					0EE2EE60262DBA3100EDBEE5 = {
						CreatedOnToolsVersion = 12.3;
					};
				};
			};
			buildConfigurationList = 0EE2EE5C262DBA3100EDBEE5 /* Build configuration list for PBXProject "Weather UI" */;
			compatibilityVersion = "Xcode 9.3";
			developmentRegion = en;
			hasScannedForEncodings = 0;
			knownRegions = (
				en,
				Base,
			);
			mainGroup = 0EE2EE58262DBA3100EDBEE5;
			productRefGroup = 0EE2EE62262DBA3100EDBEE5 /* Products */;
			projectDirPath = "";
			projectRoot = "";
			targets = (
				0EE2EE60262DBA3100EDBEE5 /* Weather UI */,
			);
		};
/* End PBXProject section */

/* Begin PBXResourcesBuildPhase section */
		0EE2EE5F262DBA3100EDBEE5 /* Resources */ = {
			isa = PBXResourcesBuildPhase;
			buildActionMask = 2147483647;
			files = (
				0E3894B4263700DA00D48AF4 /* README.md in Resources */,
				0EE2EE6C262DBA3300EDBEE5 /* Preview Assets.xcassets in Resources */,
				0EE2EE69262DBA3300EDBEE5 /* Assets.xcassets in Resources */,
			);
			runOnlyForDeploymentPostprocessing = 0;
		};
/* End PBXResourcesBuildPhase section */

/* Begin PBXSourcesBuildPhase section */
		0EE2EE5D262DBA3100EDBEE5 /* Sources */ = {
			isa = PBXSourcesBuildPhase;
			buildActionMask = 2147483647;
			files = (
				0EE2EE67262DBA3100EDBEE5 /* ContentView.swift in Sources */,
				0EE2EE65262DBA3100EDBEE5 /* Weather_UIApp.swift in Sources */,
				0E132BDE262EBF2B00576CA6 /* WeatherButton.swift in Sources */,
			);
			runOnlyForDeploymentPostprocessing = 0;
		};
/* End PBXSourcesBuildPhase section */

/* Begin XCBuildConfiguration section */
		0EE2EE6E262DBA3400EDBEE5 /* Debug */ = {
			isa = XCBuildConfiguration;
			buildSettings = {
				ALWAYS_SEARCH_USER_PATHS = NO;
				CLANG_ANALYZER_NONNULL = YES;
				CLANG_ANALYZER_NUMBER_OBJECT_CONVERSION = YES_AGGRESSIVE;
				CLANG_CXX_LANGUAGE_STANDARD = "gnu++14";
				CLANG_CXX_LIBRARY = "libc++";
				CLANG_ENABLE_MODULES = YES;
				CLANG_ENABLE_OBJC_ARC = YES;
				CLANG_ENABLE_OBJC_WEAK = YES;
				CLANG_WARN_BLOCK_CAPTURE_AUTORELEASING = YES;
				CLANG_WARN_BOOL_CONVERSION = YES;
				CLANG_WARN_COMMA = YES;
				CLANG_WARN_CONSTANT_CONVERSION = YES;
				CLANG_WARN_DEPRECATED_OBJC_IMPLEMENTATIONS = YES;
				CLANG_WARN_DIRECT_OBJC_ISA_USAGE = YES_ERROR;
				CLANG_WARN_DOCUMENTATION_COMMENTS = YES;
				CLANG_WARN_EMPTY_BODY = YES;
				CLANG_WARN_ENUM_CONVERSION = YES;
				CLANG_WARN_INFINITE_RECURSION = YES;
				CLANG_WARN_INT_CONVERSION = YES;
				CLANG_WARN_NON_LITERAL_NULL_CONVERSION = YES;
				CLANG_WARN_OBJC_IMPLICIT_RETAIN_SELF = YES;
				CLANG_WARN_OBJC_LITERAL_CONVERSION = YES;
				CLANG_WARN_OBJC_ROOT_CLASS = YES_ERROR;
				CLANG_WARN_QUOTED_INCLUDE_IN_FRAMEWORK_HEADER = YES;
				CLANG_WARN_RANGE_LOOP_ANALYSIS = YES;
				CLANG_WARN_STRICT_PROTOTYPES = YES;
				CLANG_WARN_SUSPICIOUS_MOVE = YES;
				CLANG_WARN_UNGUARDED_AVAILABILITY = YES_AGGRESSIVE;
				CLANG_WARN_UNREACHABLE_CODE = YES;
				CLANG_WARN__DUPLICATE_METHOD_MATCH = YES;
				COPY_PHASE_STRIP = NO;
				DEBUG_INFORMATION_FORMAT = dwarf;
				ENABLE_STRICT_OBJC_MSGSEND = YES;
				ENABLE_TESTABILITY = YES;
				GCC_C_LANGUAGE_STANDARD = gnu11;
				GCC_DYNAMIC_NO_PIC = NO;
				GCC_NO_COMMON_BLOCKS = YES;
				GCC_OPTIMIZATION_LEVEL = 0;
				GCC_PREPROCESSOR_DEFINITIONS = (
					"DEBUG=1",
					"$(inherited)",
				);
				GCC_WARN_64_TO_32_BIT_CONVERSION = YES;
				GCC_WARN_ABOUT_RETURN_TYPE = YES_ERROR;
				GCC_WARN_UNDECLARED_SELECTOR = YES;
				GCC_WARN_UNINITIALIZED_AUTOS = YES_AGGRESSIVE;
				GCC_WARN_UNUSED_FUNCTION = YES;
				GCC_WARN_UNUSED_VARIABLE = YES;
				IPHONEOS_DEPLOYMENT_TARGET = 14.3;
				MTL_ENABLE_DEBUG_INFO = INCLUDE_SOURCE;
				MTL_FAST_MATH = YES;
				ONLY_ACTIVE_ARCH = YES;
				SDKROOT = iphoneos;
				SWIFT_ACTIVE_COMPILATION_CONDITIONS = DEBUG;
				SWIFT_OPTIMIZATION_LEVEL = "-Onone";
			};
			name = Debug;
		};
		0EE2EE6F262DBA3400EDBEE5 /* Release */ = {
			isa = XCBuildConfiguration;
			buildSettings = {
				ALWAYS_SEARCH_USER_PATHS = NO;
				CLANG_ANALYZER_NONNULL = YES;
				CLANG_ANALYZER_NUMBER_OBJECT_CONVERSION = YES_AGGRESSIVE;
				CLANG_CXX_LANGUAGE_STANDARD = "gnu++14";
				CLANG_CXX_LIBRARY = "libc++";
				CLANG_ENABLE_MODULES = YES;
				CLANG_ENABLE_OBJC_ARC = YES;
				CLANG_ENABLE_OBJC_WEAK = YES;
				CLANG_WARN_BLOCK_CAPTURE_AUTORELEASING = YES;
				CLANG_WARN_BOOL_CONVERSION = YES;
				CLANG_WARN_COMMA = YES;
				CLANG_WARN_CONSTANT_CONVERSION = YES;
				CLANG_WARN_DEPRECATED_OBJC_IMPLEMENTATIONS = YES;
				CLANG_WARN_DIRECT_OBJC_ISA_USAGE = YES_ERROR;
				CLANG_WARN_DOCUMENTATION_COMMENTS = YES;
				CLANG_WARN_EMPTY_BODY = YES;
				CLANG_WARN_ENUM_CONVERSION = YES;
				CLANG_WARN_INFINITE_RECURSION = YES;
				CLANG_WARN_INT_CONVERSION = YES;
				CLANG_WARN_NON_LITERAL_NULL_CONVERSION = YES;
				CLANG_WARN_OBJC_IMPLICIT_RETAIN_SELF = YES;
				CLANG_WARN_OBJC_LITERAL_CONVERSION = YES;
				CLANG_WARN_OBJC_ROOT_CLASS = YES_ERROR;
				CLANG_WARN_QUOTED_INCLUDE_IN_FRAMEWORK_HEADER = YES;
				CLANG_WARN_RANGE_LOOP_ANALYSIS = YES;
				CLANG_WARN_STRICT_PROTOTYPES = YES;
				CLANG_WARN_SUSPICIOUS_MOVE = YES;
				CLANG_WARN_UNGUARDED_AVAILABILITY = YES_AGGRESSIVE;
				CLANG_WARN_UNREACHABLE_CODE = YES;
				CLANG_WARN__DUPLICATE_METHOD_MATCH = YES;
				COPY_PHASE_STRIP = NO;
				DEBUG_INFORMATION_FORMAT = "dwarf-with-dsym";
				ENABLE_NS_ASSERTIONS = NO;
				ENABLE_STRICT_OBJC_MSGSEND = YES;
				GCC_C_LANGUAGE_STANDARD = gnu11;
				GCC_NO_COMMON_BLOCKS = YES;
				GCC_WARN_64_TO_32_BIT_CONVERSION = YES;
				GCC_WARN_ABOUT_RETURN_TYPE = YES_ERROR;
				GCC_WARN_UNDECLARED_SELECTOR = YES;
				GCC_WARN_UNINITIALIZED_AUTOS = YES_AGGRESSIVE;
				GCC_WARN_UNUSED_FUNCTION = YES;
				GCC_WARN_UNUSED_VARIABLE = YES;
				IPHONEOS_DEPLOYMENT_TARGET = 14.3;
				MTL_ENABLE_DEBUG_INFO = NO;
				MTL_FAST_MATH = YES;
				SDKROOT = iphoneos;
				SWIFT_COMPILATION_MODE = wholemodule;
				SWIFT_OPTIMIZATION_LEVEL = "-O";
				VALIDATE_PRODUCT = YES;
			};
			name = Release;
		};
		0EE2EE71262DBA3400EDBEE5 /* Debug */ = {
			isa = XCBuildConfiguration;
			buildSettings = {
				ASSETCATALOG_COMPILER_APPICON_NAME = AppIcon;
				ASSETCATALOG_COMPILER_GLOBAL_ACCENT_COLOR_NAME = AccentColor;
				CODE_SIGN_STYLE = Automatic;
				DEVELOPMENT_ASSET_PATHS = "\"Weather UI/Preview Content\"";
				DEVELOPMENT_TEAM = RQ97K4HBS3;
				ENABLE_PREVIEWS = YES;
				INFOPLIST_FILE = "Weather UI/Info.plist";
				IPHONEOS_DEPLOYMENT_TARGET = 14.0;
				LD_RUNPATH_SEARCH_PATHS = (
					"$(inherited)",
					"@executable_path/Frameworks",
				);
				PRODUCT_BUNDLE_IDENTIFIER = "com.anant.Weather-UI";
				PRODUCT_NAME = "$(TARGET_NAME)";
				SWIFT_VERSION = 5.0;
				TARGETED_DEVICE_FAMILY = "1,2";
			};
			name = Debug;
		};
		0EE2EE72262DBA3400EDBEE5 /* Release */ = {
			isa = XCBuildConfiguration;
			buildSettings = {
				ASSETCATALOG_COMPILER_APPICON_NAME = AppIcon;
				ASSETCATALOG_COMPILER_GLOBAL_ACCENT_COLOR_NAME = AccentColor;
				CODE_SIGN_STYLE = Automatic;
				DEVELOPMENT_ASSET_PATHS = "\"Weather UI/Preview Content\"";
				DEVELOPMENT_TEAM = RQ97K4HBS3;
				ENABLE_PREVIEWS = YES;
				INFOPLIST_FILE = "Weather UI/Info.plist";
				IPHONEOS_DEPLOYMENT_TARGET = 14.0;
				LD_RUNPATH_SEARCH_PATHS = (
					"$(inherited)",
					"@executable_path/Frameworks",
				);
				PRODUCT_BUNDLE_IDENTIFIER = "com.anant.Weather-UI";
				PRODUCT_NAME = "$(TARGET_NAME)";
				SWIFT_VERSION = 5.0;
				TARGETED_DEVICE_FAMILY = "1,2";
			};
			name = Release;
		};
/* End XCBuildConfiguration section */

/* Begin XCConfigurationList section */
		0EE2EE5C262DBA3100EDBEE5 /* Build configuration list for PBXProject "Weather UI" */ = {
			isa = XCConfigurationList;
			buildConfigurations = (
				0EE2EE6E262DBA3400EDBEE5 /* Debug */,
				0EE2EE6F262DBA3400EDBEE5 /* Release */,
			);
			defaultConfigurationIsVisible = 0;
			defaultConfigurationName = Release;
		};
		0EE2EE70262DBA3400EDBEE5 /* Build configuration list for PBXNativeTarget "Weather UI" */ = {
			isa = XCConfigurationList;
			buildConfigurations = (
				0EE2EE71262DBA3400EDBEE5 /* Debug */,
				0EE2EE72262DBA3400EDBEE5 /* Release */,
			);
			defaultConfigurationIsVisible = 0;
			defaultConfigurationName = Release;
		};
/* End XCConfigurationList section */
	};
	rootObject = 0EE2EE59262DBA3100EDBEE5 /* Project object */;
}
